// !$*UTF8*$!
{
	archiveVersion = 1;
	classes = {
	};
	objectVersion = 50;
	objects = {

/* Begin PBXBuildFile section */
		1E195D6C2517DE5400EDFA08 /* AppDelegate.swift in Sources */ = {isa = PBXBuildFile; fileRef = 1E195D6B2517DE5400EDFA08 /* AppDelegate.swift */; };
		1E195D6E2517DE5400EDFA08 /* SceneDelegate.swift in Sources */ = {isa = PBXBuildFile; fileRef = 1E195D6D2517DE5400EDFA08 /* SceneDelegate.swift */; };
		1E195D732517DE5400EDFA08 /* Main.storyboard in Resources */ = {isa = PBXBuildFile; fileRef = 1E195D712517DE5400EDFA08 /* Main.storyboard */; };
		1E195D752517DE5500EDFA08 /* Assets.xcassets in Resources */ = {isa = PBXBuildFile; fileRef = 1E195D742517DE5500EDFA08 /* Assets.xcassets */; };
		1E195D782517DE5500EDFA08 /* LaunchScreen.storyboard in Resources */ = {isa = PBXBuildFile; fileRef = 1E195D762517DE5500EDFA08 /* LaunchScreen.storyboard */; };
		1E195D822517DEDA00EDFA08 /* ImageViewController.swift in Sources */ = {isa = PBXBuildFile; fileRef = 1E195D812517DEDA00EDFA08 /* ImageViewController.swift */; };
		1E7D8BAB251E98B3000EABAA /* DataProvider.swift in Sources */ = {isa = PBXBuildFile; fileRef = 1E7D8BAA251E98B3000EABAA /* DataProvider.swift */; };
		765429A68924E49A7F90ADDA /* Pods_NetworkingTestApp.framework in Frameworks */ = {isa = PBXBuildFile; fileRef = EC17EF34D8EF751A0D4695EE /* Pods_NetworkingTestApp.framework */; };
		844557E42518CE3D00549A21 /* CoursesViewController.swift in Sources */ = {isa = PBXBuildFile; fileRef = 844557E32518CE3D00549A21 /* CoursesViewController.swift */; };
		844557E62518D18400549A21 /* CourseCell.swift in Sources */ = {isa = PBXBuildFile; fileRef = 844557E52518D18400549A21 /* CourseCell.swift */; };
		844557E82518D1EF00549A21 /* DescriptionViewController.swift in Sources */ = {isa = PBXBuildFile; fileRef = 844557E72518D1EF00549A21 /* DescriptionViewController.swift */; };
		844557EA2518DD3300549A21 /* Course.swift in Sources */ = {isa = PBXBuildFile; fileRef = 844557E92518DD3300549A21 /* Course.swift */; };
		84FCCC7C251B4F6900FAA82E /* NetworkManager.swift in Sources */ = {isa = PBXBuildFile; fileRef = 84FCCC7B251B4F6900FAA82E /* NetworkManager.swift */; };
		84FCCC81251B50F200FAA82E /* MainViewController.swift in Sources */ = {isa = PBXBuildFile; fileRef = 84FCCC80251B50F200FAA82E /* MainViewController.swift */; };
		84FCCC84251B520900FAA82E /* MainViewCell.swift in Sources */ = {isa = PBXBuildFile; fileRef = 84FCCC83251B520900FAA82E /* MainViewCell.swift */; };
		84FCCC8C251BA7BF00FAA82E /* ImageProperties.swift in Sources */ = {isa = PBXBuildFile; fileRef = 84FCCC8B251BA7BF00FAA82E /* ImageProperties.swift */; };
/* End PBXBuildFile section */

/* Begin PBXFileReference section */
		1E195D682517DE5400EDFA08 /* NetworkingTestApp.app */ = {isa = PBXFileReference; explicitFileType = wrapper.application; includeInIndex = 0; path = NetworkingTestApp.app; sourceTree = BUILT_PRODUCTS_DIR; };
		1E195D6B2517DE5400EDFA08 /* AppDelegate.swift */ = {isa = PBXFileReference; lastKnownFileType = sourcecode.swift; path = AppDelegate.swift; sourceTree = "<group>"; };
		1E195D6D2517DE5400EDFA08 /* SceneDelegate.swift */ = {isa = PBXFileReference; lastKnownFileType = sourcecode.swift; path = SceneDelegate.swift; sourceTree = "<group>"; };
		1E195D722517DE5400EDFA08 /* Base */ = {isa = PBXFileReference; lastKnownFileType = file.storyboard; name = Base; path = Base.lproj/Main.storyboard; sourceTree = "<group>"; };
		1E195D742517DE5500EDFA08 /* Assets.xcassets */ = {isa = PBXFileReference; lastKnownFileType = folder.assetcatalog; path = Assets.xcassets; sourceTree = "<group>"; };
		1E195D772517DE5500EDFA08 /* Base */ = {isa = PBXFileReference; lastKnownFileType = file.storyboard; name = Base; path = Base.lproj/LaunchScreen.storyboard; sourceTree = "<group>"; };
		1E195D792517DE5500EDFA08 /* Info.plist */ = {isa = PBXFileReference; lastKnownFileType = text.plist.xml; path = Info.plist; sourceTree = "<group>"; };
		1E195D812517DEDA00EDFA08 /* ImageViewController.swift */ = {isa = PBXFileReference; lastKnownFileType = sourcecode.swift; path = ImageViewController.swift; sourceTree = "<group>"; };
		1E7D8BAA251E98B3000EABAA /* DataProvider.swift */ = {isa = PBXFileReference; fileEncoding = 4; lastKnownFileType = sourcecode.swift; path = DataProvider.swift; sourceTree = "<group>"; };
		3968ADF54A4E6DCABD9AAA43 /* Pods-NetworkingTestApp.debug.xcconfig */ = {isa = PBXFileReference; includeInIndex = 1; lastKnownFileType = text.xcconfig; name = "Pods-NetworkingTestApp.debug.xcconfig"; path = "Target Support Files/Pods-NetworkingTestApp/Pods-NetworkingTestApp.debug.xcconfig"; sourceTree = "<group>"; };
		844557E32518CE3D00549A21 /* CoursesViewController.swift */ = {isa = PBXFileReference; lastKnownFileType = sourcecode.swift; path = CoursesViewController.swift; sourceTree = "<group>"; };
		844557E52518D18400549A21 /* CourseCell.swift */ = {isa = PBXFileReference; lastKnownFileType = sourcecode.swift; path = CourseCell.swift; sourceTree = "<group>"; };
		844557E72518D1EF00549A21 /* DescriptionViewController.swift */ = {isa = PBXFileReference; lastKnownFileType = sourcecode.swift; path = DescriptionViewController.swift; sourceTree = "<group>"; };
		844557E92518DD3300549A21 /* Course.swift */ = {isa = PBXFileReference; lastKnownFileType = sourcecode.swift; path = Course.swift; sourceTree = "<group>"; };
		84FCCC7B251B4F6900FAA82E /* NetworkManager.swift */ = {isa = PBXFileReference; lastKnownFileType = sourcecode.swift; path = NetworkManager.swift; sourceTree = "<group>"; };
		84FCCC80251B50F200FAA82E /* MainViewController.swift */ = {isa = PBXFileReference; lastKnownFileType = sourcecode.swift; path = MainViewController.swift; sourceTree = "<group>"; };
		84FCCC83251B520900FAA82E /* MainViewCell.swift */ = {isa = PBXFileReference; lastKnownFileType = sourcecode.swift; path = MainViewCell.swift; sourceTree = "<group>"; };
		84FCCC8B251BA7BF00FAA82E /* ImageProperties.swift */ = {isa = PBXFileReference; lastKnownFileType = sourcecode.swift; path = ImageProperties.swift; sourceTree = "<group>"; };
		E0BAA239958F26CB0B2C36CE /* Pods-NetworkingTestApp.release.xcconfig */ = {isa = PBXFileReference; includeInIndex = 1; lastKnownFileType = text.xcconfig; name = "Pods-NetworkingTestApp.release.xcconfig"; path = "Target Support Files/Pods-NetworkingTestApp/Pods-NetworkingTestApp.release.xcconfig"; sourceTree = "<group>"; };
		EC17EF34D8EF751A0D4695EE /* Pods_NetworkingTestApp.framework */ = {isa = PBXFileReference; explicitFileType = wrapper.framework; includeInIndex = 0; path = Pods_NetworkingTestApp.framework; sourceTree = BUILT_PRODUCTS_DIR; };
/* End PBXFileReference section */

/* Begin PBXFrameworksBuildPhase section */
		1E195D652517DE5400EDFA08 /* Frameworks */ = {
			isa = PBXFrameworksBuildPhase;
			buildActionMask = 2147483647;
			files = (
				765429A68924E49A7F90ADDA /* Pods_NetworkingTestApp.framework in Frameworks */,
			);
			runOnlyForDeploymentPostprocessing = 0;
		};
/* End PBXFrameworksBuildPhase section */

/* Begin PBXGroup section */
		1E195D5F2517DE5400EDFA08 = {
			isa = PBXGroup;
			children = (
				1E195D6A2517DE5400EDFA08 /* NetworkingTestApp */,
				1E195D692517DE5400EDFA08 /* Products */,
				3D1CD6100798B2305D52AA48 /* Pods */,
				7D51A41333EF27BBF3802B47 /* Frameworks */,
			);
			sourceTree = "<group>";
		};
		1E195D692517DE5400EDFA08 /* Products */ = {
			isa = PBXGroup;
			children = (
				1E195D682517DE5400EDFA08 /* NetworkingTestApp.app */,
			);
			name = Products;
			sourceTree = "<group>";
		};
		1E195D6A2517DE5400EDFA08 /* NetworkingTestApp */ = {
			isa = PBXGroup;
			children = (
				84547BE02518EA4000DE7FAC /* Model */,
				84547BE12518EA5800DE7FAC /* View */,
				84547BDF2518EA2C00DE7FAC /* Controller */,
				84FCCC7A251B4F3E00FAA82E /* Service */,
				84547BE22518EA9300DE7FAC /* Supporting files */,
				1E195D792517DE5500EDFA08 /* Info.plist */,
			);
			path = NetworkingTestApp;
			sourceTree = "<group>";
		};
		3D1CD6100798B2305D52AA48 /* Pods */ = {
			isa = PBXGroup;
			children = (
				3968ADF54A4E6DCABD9AAA43 /* Pods-NetworkingTestApp.debug.xcconfig */,
				E0BAA239958F26CB0B2C36CE /* Pods-NetworkingTestApp.release.xcconfig */,
			);
			name = Pods;
			path = Pods;
			sourceTree = "<group>";
		};
		7D51A41333EF27BBF3802B47 /* Frameworks */ = {
			isa = PBXGroup;
			children = (
				EC17EF34D8EF751A0D4695EE /* Pods_NetworkingTestApp.framework */,
			);
			name = Frameworks;
			sourceTree = "<group>";
		};
		84547BDF2518EA2C00DE7FAC /* Controller */ = {
			isa = PBXGroup;
			children = (
				84FCCC80251B50F200FAA82E /* MainViewController.swift */,
				1E195D812517DEDA00EDFA08 /* ImageViewController.swift */,
				844557E32518CE3D00549A21 /* CoursesViewController.swift */,
				844557E72518D1EF00549A21 /* DescriptionViewController.swift */,
			);
			path = Controller;
			sourceTree = "<group>";
		};
		84547BE02518EA4000DE7FAC /* Model */ = {
			isa = PBXGroup;
			children = (
				844557E92518DD3300549A21 /* Course.swift */,
				84FCCC8B251BA7BF00FAA82E /* ImageProperties.swift */,
			);
			path = Model;
			sourceTree = "<group>";
		};
		84547BE12518EA5800DE7FAC /* View */ = {
			isa = PBXGroup;
			children = (
				1E195D712517DE5400EDFA08 /* Main.storyboard */,
				1E195D762517DE5500EDFA08 /* LaunchScreen.storyboard */,
				844557E52518D18400549A21 /* CourseCell.swift */,
				84FCCC83251B520900FAA82E /* MainViewCell.swift */,
			);
			path = View;
			sourceTree = "<group>";
		};
		84547BE22518EA9300DE7FAC /* Supporting files */ = {
			isa = PBXGroup;
			children = (
				1E195D6B2517DE5400EDFA08 /* AppDelegate.swift */,
				1E195D6D2517DE5400EDFA08 /* SceneDelegate.swift */,
				1E195D742517DE5500EDFA08 /* Assets.xcassets */,
			);
			path = "Supporting files";
			sourceTree = "<group>";
		};
		84FCCC7A251B4F3E00FAA82E /* Service */ = {
			isa = PBXGroup;
			children = (
				1E7D8BAA251E98B3000EABAA /* DataProvider.swift */,
				84FCCC7B251B4F6900FAA82E /* NetworkManager.swift */,
			);
			path = Service;
			sourceTree = "<group>";
		};
/* End PBXGroup section */

/* Begin PBXNativeTarget section */
		1E195D672517DE5400EDFA08 /* NetworkingTestApp */ = {
			isa = PBXNativeTarget;
			buildConfigurationList = 1E195D7C2517DE5500EDFA08 /* Build configuration list for PBXNativeTarget "NetworkingTestApp" */;
			buildPhases = (
				1A6863D31A979683DF6BB75E /* [CP] Check Pods Manifest.lock */,
				1E195D642517DE5400EDFA08 /* Sources */,
				1E195D652517DE5400EDFA08 /* Frameworks */,
				1E195D662517DE5400EDFA08 /* Resources */,
				72DF51E3F422D2BE5516F0BB /* [CP] Embed Pods Frameworks */,
			);
			buildRules = (
			);
			dependencies = (
			);
			name = NetworkingTestApp;
			productName = NetworkingTestApp;
			productReference = 1E195D682517DE5400EDFA08 /* NetworkingTestApp.app */;
			productType = "com.apple.product-type.application";
		};
/* End PBXNativeTarget section */

/* Begin PBXProject section */
		1E195D602517DE5400EDFA08 /* Project object */ = {
			isa = PBXProject;
			attributes = {
				LastSwiftUpdateCheck = 1200;
				LastUpgradeCheck = 1200;
				TargetAttributes = {
					1E195D672517DE5400EDFA08 = {
						CreatedOnToolsVersion = 12.0;
					};
				};
			};
			buildConfigurationList = 1E195D632517DE5400EDFA08 /* Build configuration list for PBXProject "NetworkingTestApp" */;
			compatibilityVersion = "Xcode 9.3";
			developmentRegion = en;
			hasScannedForEncodings = 0;
			knownRegions = (
				en,
				Base,
			);
			mainGroup = 1E195D5F2517DE5400EDFA08;
			productRefGroup = 1E195D692517DE5400EDFA08 /* Products */;
			projectDirPath = "";
			projectRoot = "";
			targets = (
				1E195D672517DE5400EDFA08 /* NetworkingTestApp */,
			);
		};
/* End PBXProject section */

/* Begin PBXResourcesBuildPhase section */
		1E195D662517DE5400EDFA08 /* Resources */ = {
			isa = PBXResourcesBuildPhase;
			buildActionMask = 2147483647;
			files = (
				1E195D782517DE5500EDFA08 /* LaunchScreen.storyboard in Resources */,
				1E195D752517DE5500EDFA08 /* Assets.xcassets in Resources */,
				1E195D732517DE5400EDFA08 /* Main.storyboard in Resources */,
			);
			runOnlyForDeploymentPostprocessing = 0;
		};
/* End PBXResourcesBuildPhase section */

/* Begin PBXShellScriptBuildPhase section */
		1A6863D31A979683DF6BB75E /* [CP] Check Pods Manifest.lock */ = {
			isa = PBXShellScriptBuildPhase;
			buildActionMask = 2147483647;
			files = (
			);
			inputFileListPaths = (
			);
			inputPaths = (
				"${PODS_PODFILE_DIR_PATH}/Podfile.lock",
				"${PODS_ROOT}/Manifest.lock",
			);
			name = "[CP] Check Pods Manifest.lock";
			outputFileListPaths = (
			);
			outputPaths = (
				"$(DERIVED_FILE_DIR)/Pods-NetworkingTestApp-checkManifestLockResult.txt",
			);
			runOnlyForDeploymentPostprocessing = 0;
			shellPath = /bin/sh;
			shellScript = "diff \"${PODS_PODFILE_DIR_PATH}/Podfile.lock\" \"${PODS_ROOT}/Manifest.lock\" > /dev/null\nif [ $? != 0 ] ; then\n    # print error to STDERR\n    echo \"error: The sandbox is not in sync with the Podfile.lock. Run 'pod install' or update your CocoaPods installation.\" >&2\n    exit 1\nfi\n# This output is used by Xcode 'outputs' to avoid re-running this script phase.\necho \"SUCCESS\" > \"${SCRIPT_OUTPUT_FILE_0}\"\n";
			showEnvVarsInLog = 0;
		};
		72DF51E3F422D2BE5516F0BB /* [CP] Embed Pods Frameworks */ = {
			isa = PBXShellScriptBuildPhase;
			buildActionMask = 2147483647;
			files = (
			);
			inputFileListPaths = (
				"${PODS_ROOT}/Target Support Files/Pods-NetworkingTestApp/Pods-NetworkingTestApp-frameworks-${CONFIGURATION}-input-files.xcfilelist",
			);
			name = "[CP] Embed Pods Frameworks";
			outputFileListPaths = (
				"${PODS_ROOT}/Target Support Files/Pods-NetworkingTestApp/Pods-NetworkingTestApp-frameworks-${CONFIGURATION}-output-files.xcfilelist",
			);
			runOnlyForDeploymentPostprocessing = 0;
			shellPath = /bin/sh;
			shellScript = "\"${PODS_ROOT}/Target Support Files/Pods-NetworkingTestApp/Pods-NetworkingTestApp-frameworks.sh\"\n";
			showEnvVarsInLog = 0;
		};
/* End PBXShellScriptBuildPhase section */

/* Begin PBXSourcesBuildPhase section */
		1E195D642517DE5400EDFA08 /* Sources */ = {
			isa = PBXSourcesBuildPhase;
			buildActionMask = 2147483647;
			files = (
				84FCCC8C251BA7BF00FAA82E /* ImageProperties.swift in Sources */,
				84FCCC7C251B4F6900FAA82E /* NetworkManager.swift in Sources */,
				844557E62518D18400549A21 /* CourseCell.swift in Sources */,
				844557E82518D1EF00549A21 /* DescriptionViewController.swift in Sources */,
				1E195D6C2517DE5400EDFA08 /* AppDelegate.swift in Sources */,
				1E195D822517DEDA00EDFA08 /* ImageViewController.swift in Sources */,
				1E7D8BAB251E98B3000EABAA /* DataProvider.swift in Sources */,
				84FCCC84251B520900FAA82E /* MainViewCell.swift in Sources */,
				844557EA2518DD3300549A21 /* Course.swift in Sources */,
				84FCCC81251B50F200FAA82E /* MainViewController.swift in Sources */,
				1E195D6E2517DE5400EDFA08 /* SceneDelegate.swift in Sources */,
				844557E42518CE3D00549A21 /* CoursesViewController.swift in Sources */,
			);
			runOnlyForDeploymentPostprocessing = 0;
		};
/* End PBXSourcesBuildPhase section */

/* Begin PBXVariantGroup section */
		1E195D712517DE5400EDFA08 /* Main.storyboard */ = {
			isa = PBXVariantGroup;
			children = (
				1E195D722517DE5400EDFA08 /* Base */,
			);
			name = Main.storyboard;
			sourceTree = "<group>";
		};
		1E195D762517DE5500EDFA08 /* LaunchScreen.storyboard */ = {
			isa = PBXVariantGroup;
			children = (
				1E195D772517DE5500EDFA08 /* Base */,
			);
			name = LaunchScreen.storyboard;
			sourceTree = "<group>";
		};
/* End PBXVariantGroup section */

/* Begin XCBuildConfiguration section */
		1E195D7A2517DE5500EDFA08 /* Debug */ = {
			isa = XCBuildConfiguration;
			buildSettings = {
				ALWAYS_SEARCH_USER_PATHS = NO;
				CLANG_ANALYZER_NONNULL = YES;
				CLANG_ANALYZER_NUMBER_OBJECT_CONVERSION = YES_AGGRESSIVE;
				CLANG_CXX_LANGUAGE_STANDARD = "gnu++14";
				CLANG_CXX_LIBRARY = "libc++";
				CLANG_ENABLE_MODULES = YES;
				CLANG_ENABLE_OBJC_ARC = YES;
				CLANG_ENABLE_OBJC_WEAK = YES;
				CLANG_WARN_BLOCK_CAPTURE_AUTORELEASING = YES;
				CLANG_WARN_BOOL_CONVERSION = YES;
				CLANG_WARN_COMMA = YES;
				CLANG_WARN_CONSTANT_CONVERSION = YES;
				CLANG_WARN_DEPRECATED_OBJC_IMPLEMENTATIONS = YES;
				CLANG_WARN_DIRECT_OBJC_ISA_USAGE = YES_ERROR;
				CLANG_WARN_DOCUMENTATION_COMMENTS = YES;
				CLANG_WARN_EMPTY_BODY = YES;
				CLANG_WARN_ENUM_CONVERSION = YES;
				CLANG_WARN_INFINITE_RECURSION = YES;
				CLANG_WARN_INT_CONVERSION = YES;
				CLANG_WARN_NON_LITERAL_NULL_CONVERSION = YES;
				CLANG_WARN_OBJC_IMPLICIT_RETAIN_SELF = YES;
				CLANG_WARN_OBJC_LITERAL_CONVERSION = YES;
				CLANG_WARN_OBJC_ROOT_CLASS = YES_ERROR;
				CLANG_WARN_QUOTED_INCLUDE_IN_FRAMEWORK_HEADER = YES;
				CLANG_WARN_RANGE_LOOP_ANALYSIS = YES;
				CLANG_WARN_STRICT_PROTOTYPES = YES;
				CLANG_WARN_SUSPICIOUS_MOVE = YES;
				CLANG_WARN_UNGUARDED_AVAILABILITY = YES_AGGRESSIVE;
				CLANG_WARN_UNREACHABLE_CODE = YES;
				CLANG_WARN__DUPLICATE_METHOD_MATCH = YES;
				COPY_PHASE_STRIP = NO;
				DEBUG_INFORMATION_FORMAT = dwarf;
				ENABLE_STRICT_OBJC_MSGSEND = YES;
				ENABLE_TESTABILITY = YES;
				GCC_C_LANGUAGE_STANDARD = gnu11;
				GCC_DYNAMIC_NO_PIC = NO;
				GCC_NO_COMMON_BLOCKS = YES;
				GCC_OPTIMIZATION_LEVEL = 0;
				GCC_PREPROCESSOR_DEFINITIONS = (
					"DEBUG=1",
					"$(inherited)",
				);
				GCC_WARN_64_TO_32_BIT_CONVERSION = YES;
				GCC_WARN_ABOUT_RETURN_TYPE = YES_ERROR;
				GCC_WARN_UNDECLARED_SELECTOR = YES;
				GCC_WARN_UNINITIALIZED_AUTOS = YES_AGGRESSIVE;
				GCC_WARN_UNUSED_FUNCTION = YES;
				GCC_WARN_UNUSED_VARIABLE = YES;
				IPHONEOS_DEPLOYMENT_TARGET = 14.0;
				MTL_ENABLE_DEBUG_INFO = INCLUDE_SOURCE;
				MTL_FAST_MATH = YES;
				ONLY_ACTIVE_ARCH = YES;
				SDKROOT = iphoneos;
				SWIFT_ACTIVE_COMPILATION_CONDITIONS = DEBUG;
				SWIFT_OPTIMIZATION_LEVEL = "-Onone";
			};
			name = Debug;
		};
		1E195D7B2517DE5500EDFA08 /* Release */ = {
			isa = XCBuildConfiguration;
			buildSettings = {
				ALWAYS_SEARCH_USER_PATHS = NO;
				CLANG_ANALYZER_NONNULL = YES;
				CLANG_ANALYZER_NUMBER_OBJECT_CONVERSION = YES_AGGRESSIVE;
				CLANG_CXX_LANGUAGE_STANDARD = "gnu++14";
				CLANG_CXX_LIBRARY = "libc++";
				CLANG_ENABLE_MODULES = YES;
				CLANG_ENABLE_OBJC_ARC = YES;
				CLANG_ENABLE_OBJC_WEAK = YES;
				CLANG_WARN_BLOCK_CAPTURE_AUTORELEASING = YES;
				CLANG_WARN_BOOL_CONVERSION = YES;
				CLANG_WARN_COMMA = YES;
				CLANG_WARN_CONSTANT_CONVERSION = YES;
				CLANG_WARN_DEPRECATED_OBJC_IMPLEMENTATIONS = YES;
				CLANG_WARN_DIRECT_OBJC_ISA_USAGE = YES_ERROR;
				CLANG_WARN_DOCUMENTATION_COMMENTS = YES;
				CLANG_WARN_EMPTY_BODY = YES;
				CLANG_WARN_ENUM_CONVERSION = YES;
				CLANG_WARN_INFINITE_RECURSION = YES;
				CLANG_WARN_INT_CONVERSION = YES;
				CLANG_WARN_NON_LITERAL_NULL_CONVERSION = YES;
				CLANG_WARN_OBJC_IMPLICIT_RETAIN_SELF = YES;
				CLANG_WARN_OBJC_LITERAL_CONVERSION = YES;
				CLANG_WARN_OBJC_ROOT_CLASS = YES_ERROR;
				CLANG_WARN_QUOTED_INCLUDE_IN_FRAMEWORK_HEADER = YES;
				CLANG_WARN_RANGE_LOOP_ANALYSIS = YES;
				CLANG_WARN_STRICT_PROTOTYPES = YES;
				CLANG_WARN_SUSPICIOUS_MOVE = YES;
				CLANG_WARN_UNGUARDED_AVAILABILITY = YES_AGGRESSIVE;
				CLANG_WARN_UNREACHABLE_CODE = YES;
				CLANG_WARN__DUPLICATE_METHOD_MATCH = YES;
				COPY_PHASE_STRIP = NO;
				DEBUG_INFORMATION_FORMAT = "dwarf-with-dsym";
				ENABLE_NS_ASSERTIONS = NO;
				ENABLE_STRICT_OBJC_MSGSEND = YES;
				GCC_C_LANGUAGE_STANDARD = gnu11;
				GCC_NO_COMMON_BLOCKS = YES;
				GCC_WARN_64_TO_32_BIT_CONVERSION = YES;
				GCC_WARN_ABOUT_RETURN_TYPE = YES_ERROR;
				GCC_WARN_UNDECLARED_SELECTOR = YES;
				GCC_WARN_UNINITIALIZED_AUTOS = YES_AGGRESSIVE;
				GCC_WARN_UNUSED_FUNCTION = YES;
				GCC_WARN_UNUSED_VARIABLE = YES;
				IPHONEOS_DEPLOYMENT_TARGET = 14.0;
				MTL_ENABLE_DEBUG_INFO = NO;
				MTL_FAST_MATH = YES;
				SDKROOT = iphoneos;
				SWIFT_COMPILATION_MODE = wholemodule;
				SWIFT_OPTIMIZATION_LEVEL = "-O";
				VALIDATE_PRODUCT = YES;
			};
			name = Release;
		};
		1E195D7D2517DE5500EDFA08 /* Debug */ = {
			isa = XCBuildConfiguration;
			baseConfigurationReference = 3968ADF54A4E6DCABD9AAA43 /* Pods-NetworkingTestApp.debug.xcconfig */;
			buildSettings = {
				ASSETCATALOG_COMPILER_APPICON_NAME = AppIcon;
				ASSETCATALOG_COMPILER_GLOBAL_ACCENT_COLOR_NAME = AccentColor;
				CODE_SIGN_STYLE = Automatic;
				DEVELOPMENT_TEAM = 3WRFMAJ9PY;
				INFOPLIST_FILE = NetworkingTestApp/Info.plist;
				LD_RUNPATH_SEARCH_PATHS = (
					"$(inherited)",
					"@executable_path/Frameworks",
				);
				PRODUCT_BUNDLE_IDENTIFIER = TheProdigy.NetworkingTestApp;
				PRODUCT_NAME = "$(TARGET_NAME)";
				SWIFT_VERSION = 5.0;
				TARGETED_DEVICE_FAMILY = 1;
			};
			name = Debug;
		};
		1E195D7E2517DE5500EDFA08 /* Release */ = {
			isa = XCBuildConfiguration;
			baseConfigurationReference = E0BAA239958F26CB0B2C36CE /* Pods-NetworkingTestApp.release.xcconfig */;
			buildSettings = {
				ASSETCATALOG_COMPILER_APPICON_NAME = AppIcon;
				ASSETCATALOG_COMPILER_GLOBAL_ACCENT_COLOR_NAME = AccentColor;
				CODE_SIGN_STYLE = Automatic;
				DEVELOPMENT_TEAM = 3WRFMAJ9PY;
				INFOPLIST_FILE = NetworkingTestApp/Info.plist;
				LD_RUNPATH_SEARCH_PATHS = (
					"$(inherited)",
					"@executable_path/Frameworks",
				);
				PRODUCT_BUNDLE_IDENTIFIER = TheProdigy.NetworkingTestApp;
				PRODUCT_NAME = "$(TARGET_NAME)";
				SWIFT_VERSION = 5.0;
				TARGETED_DEVICE_FAMILY = 1;
			};
			name = Release;
		};
/* End XCBuildConfiguration section */

/* Begin XCConfigurationList section */
		1E195D632517DE5400EDFA08 /* Build configuration list for PBXProject "NetworkingTestApp" */ = {
			isa = XCConfigurationList;
			buildConfigurations = (
				1E195D7A2517DE5500EDFA08 /* Debug */,
				1E195D7B2517DE5500EDFA08 /* Release */,
			);
			defaultConfigurationIsVisible = 0;
			defaultConfigurationName = Release;
		};
		1E195D7C2517DE5500EDFA08 /* Build configuration list for PBXNativeTarget "NetworkingTestApp" */ = {
			isa = XCConfigurationList;
			buildConfigurations = (
				1E195D7D2517DE5500EDFA08 /* Debug */,
				1E195D7E2517DE5500EDFA08 /* Release */,
			);
			defaultConfigurationIsVisible = 0;
			defaultConfigurationName = Release;
		};
/* End XCConfigurationList section */
	};
	rootObject = 1E195D602517DE5400EDFA08 /* Project object */;
}
